<?xml version="1.0" encoding="utf-8"?>
<Project ToolsVersion="4.0" xmlns="http://schemas.microsoft.com/developer/msbuild/2003">
  <ItemGroup>
    <Filter Include="sys">
      <UniqueIdentifier>{bd025285-8df3-4edd-a9c1-db4f5dacbeea}</UniqueIdentifier>
    </Filter>
    <Filter Include="Config">
      <UniqueIdentifier>{9073b2fd-4c49-4dc9-bc97-6754ac3d6e04}</UniqueIdentifier>
    </Filter>
    <Filter Include="Config\Level">
      <UniqueIdentifier>{2d34c279-7f56-490d-ae34-35dbc06158b0}</UniqueIdentifier>
    </Filter>
    <Filter Include="Config\ActorDef">
      <UniqueIdentifier>{85e882e1-5291-453a-b0bd-2eb7dc92c8f8}</UniqueIdentifier>
    </Filter>
    <Filter Include="Docs">
      <UniqueIdentifier>{18537e88-4d11-4001-8630-f5ee9de055c9}</UniqueIdentifier>
    </Filter>
    <Filter Include="Icons">
      <UniqueIdentifier>{982aeeef-8fd2-4dfb-bf3d-9b6d761280ff}</UniqueIdentifier>
    </Filter>
    <Filter Include="SourceCode">
      <UniqueIdentifier>{f095d9a4-b26f-4246-a058-5cdf2a84c0e1}</UniqueIdentifier>
    </Filter>
    <Filter Include="SourceCode\Code">
      <UniqueIdentifier>{2239a95c-831c-47ba-83fa-c11984e80c63}</UniqueIdentifier>
    </Filter>
    <Filter Include="SourceCode\Headers">
      <UniqueIdentifier>{de1bb338-432d-4be9-808c-83f0f8575354}</UniqueIdentifier>
    </Filter>
    <Filter Include="SourceCode\Code\UI">
      <UniqueIdentifier>{0fdc8524-fc24-44c9-a46c-9665aaaa2687}</UniqueIdentifier>
    </Filter>
    <Filter Include="SourceCode\Headers\UI">
      <UniqueIdentifier>{d96ad208-19bd-4cd9-a533-963347a09551}</UniqueIdentifier>
    </Filter>
    <Filter Include="SourceCode\Code\NPC">
      <UniqueIdentifier>{97bda387-dea9-49ed-b312-633a0247c320}</UniqueIdentifier>
    </Filter>
    <Filter Include="SourceCode\Headers\NPC">
      <UniqueIdentifier>{a48b8d06-b285-4f6e-86b4-918f7e2a7286}</UniqueIdentifier>
    </Filter>
    <Filter Include="SourceCode\Code\Core">
      <UniqueIdentifier>{3e74f2a5-609d-4d33-9533-a4c493215ca7}</UniqueIdentifier>
    </Filter>
    <Filter Include="SourceCode\Headers\Core">
      <UniqueIdentifier>{fd7bdece-4387-4795-94c9-4aaf9c602924}</UniqueIdentifier>
    </Filter>
    <Filter Include="SourceCode\Code\Map Entities">
      <UniqueIdentifier>{9afe6538-e5bc-47f6-b051-849e18b2111d}</UniqueIdentifier>
    </Filter>
    <Filter Include="SourceCode\Headers\Map Entities">
      <UniqueIdentifier>{6eb05561-71c2-473e-bf6b-ce25b065bc5a}</UniqueIdentifier>
    </Filter>
    <Filter Include="SourceCode\Code\Parser">
      <UniqueIdentifier>{e496b749-c45a-4828-a52f-d5a63fd001ba}</UniqueIdentifier>
    </Filter>
    <Filter Include="SourceCode\Headers\Parser">
      <UniqueIdentifier>{15da00f7-6bd7-4098-a722-94541a7af475}</UniqueIdentifier>
    </Filter>
    <Filter Include="SourceCode\Code\Core\Inventory">
      <UniqueIdentifier>{506aba35-8ab3-4bdf-950c-9493928dc1e6}</UniqueIdentifier>
    </Filter>
    <Filter Include="SourceCode\Headers\Core\Inventory">
      <UniqueIdentifier>{adab0b8c-99f1-4026-afd1-9da08d565fe5}</UniqueIdentifier>
    </Filter>
    <Filter Include="Config\Files">
      <UniqueIdentifier>{ba41498a-7e47-4e40-833d-51d007f7dcfc}</UniqueIdentifier>
    </Filter>
    <Filter Include="SourceCode\Code\Core\Time">
      <UniqueIdentifier>{ee1e6670-0ad8-4855-8369-af6a94354819}</UniqueIdentifier>
    </Filter>
    <Filter Include="SourceCode\Headers\Core\Time">
      <UniqueIdentifier>{e6dfdee2-e7a1-4bff-9ac3-4c978a12b55b}</UniqueIdentifier>
    </Filter>
    <Filter Include="SourceCode\Code\AI">
      <UniqueIdentifier>{64454be9-0402-4ef0-a0b7-c5e5a18b7afb}</UniqueIdentifier>
    </Filter>
    <Filter Include="SourceCode\Headers\AI">
      <UniqueIdentifier>{c4933f99-05b9-4224-9993-65ef5c019c24}</UniqueIdentifier>
    </Filter>
  </ItemGroup>
  <ItemGroup>
    <ClCompile Include="..\Angel\Scripting\Interfaces\AngelLuaWrapping.cpp">
      <Filter>sys</Filter>
    </ClCompile>
    <ClCompile Include="stdafx.cpp">
      <Filter>sys</Filter>
    </ClCompile>
    <ClCompile Include="UIManager.cpp">
      <Filter>SourceCode\Code\UI</Filter>
    </ClCompile>
    <ClCompile Include="UIBase.cpp">
      <Filter>SourceCode\Code\UI</Filter>
    </ClCompile>
    <ClCompile Include="UIMap.cpp">
      <Filter>SourceCode\Code\UI</Filter>
    </ClCompile>
    <ClCompile Include="UINPCInfo.cpp">
      <Filter>SourceCode\Code\UI</Filter>
    </ClCompile>
    <ClCompile Include="UIWorldInfo.cpp">
      <Filter>SourceCode\Code\UI</Filter>
    </ClCompile>
    <ClCompile Include="Main.cpp">
      <Filter>SourceCode\Code\Core</Filter>
    </ClCompile>
    <ClCompile Include="TheGameManager.cpp">
      <Filter>SourceCode\Code\Core</Filter>
    </ClCompile>
    <ClCompile Include="MapPOI.cpp">
      <Filter>SourceCode\Code\Map Entities</Filter>
    </ClCompile>
    <ClCompile Include="City.cpp">
      <Filter>SourceCode\Code\Map Entities</Filter>
    </ClCompile>
    <ClCompile Include="Location.cpp">
      <Filter>SourceCode\Code\Map Entities</Filter>
    </ClCompile>
    <ClCompile Include="NameManager.cpp">
      <Filter>SourceCode\Code\Core</Filter>
    </ClCompile>
    <ClCompile Include="LocationGenerator.cpp">
      <Filter>SourceCode\Code\Core</Filter>
    </ClCompile>
    <ClCompile Include="NPC.cpp">
      <Filter>SourceCode\Code\NPC</Filter>
    </ClCompile>
    <ClCompile Include="Utils.cpp">
      <Filter>SourceCode\Code\Parser</Filter>
    </ClCompile>
    <ClCompile Include="ResourceManager.cpp">
      <Filter>SourceCode\Code\Core</Filter>
    </ClCompile>
    <ClCompile Include="InventoryBag.cpp">
      <Filter>SourceCode\Code\Core\Inventory</Filter>
    </ClCompile>
    <ClCompile Include="Inventory.cpp">
      <Filter>SourceCode\Code\Core\Inventory</Filter>
    </ClCompile>
    <ClCompile Include="TimeManager.cpp">
      <Filter>SourceCode\Code\Core\Time</Filter>
    </ClCompile>
    <ClCompile Include="Brain.cpp">
      <Filter>SourceCode\Code\AI</Filter>
    </ClCompile>
  </ItemGroup>
  <ItemGroup>
    <ResourceCompile Include="platforms\win\ClientGame.rc">
      <Filter>sys</Filter>
    </ResourceCompile>
  </ItemGroup>
  <ItemGroup>
    <ClInclude Include="platforms\win\resource.h">
      <Filter>sys</Filter>
    </ClInclude>
    <ClInclude Include="stdafx.h">
      <Filter>sys</Filter>
    </ClInclude>
    <ClInclude Include="UIManager.h">
      <Filter>SourceCode\Headers\UI</Filter>
    </ClInclude>
    <ClInclude Include="UIBase.h">
      <Filter>SourceCode\Headers\UI</Filter>
    </ClInclude>
    <ClInclude Include="UIMap.h">
      <Filter>SourceCode\Headers\UI</Filter>
    </ClInclude>
    <ClInclude Include="UINPCInfo.h">
      <Filter>SourceCode\Headers\UI</Filter>
    </ClInclude>
    <ClInclude Include="UIWorldInfo.h">
      <Filter>SourceCode\Headers\UI</Filter>
    </ClInclude>
    <ClInclude Include="TheGameManager.h">
      <Filter>SourceCode\Headers\Core</Filter>
    </ClInclude>
    <ClInclude Include="MapPOI.h">
      <Filter>SourceCode\Headers\Map Entities</Filter>
    </ClInclude>
    <ClInclude Include="City.h">
      <Filter>SourceCode\Headers\Map Entities</Filter>
    </ClInclude>
    <ClInclude Include="Location.h">
      <Filter>SourceCode\Headers\Map Entities</Filter>
    </ClInclude>
    <ClInclude Include="NameManager.h">
      <Filter>SourceCode\Headers\Core</Filter>
    </ClInclude>
    <ClInclude Include="LocationGenerator.h">
      <Filter>SourceCode\Headers\Core</Filter>
    </ClInclude>
    <ClInclude Include="NPC.h">
      <Filter>SourceCode\Headers\NPC</Filter>
    </ClInclude>
    <ClInclude Include="Utils.h">
      <Filter>SourceCode\Headers\Parser</Filter>
    </ClInclude>
    <ClInclude Include="ResourceManager.h">
      <Filter>SourceCode\Headers\Core</Filter>
    </ClInclude>
    <ClInclude Include="InventoryBag.h">
      <Filter>SourceCode\Headers\Core\Inventory</Filter>
    </ClInclude>
    <ClInclude Include="Inventory.h">
      <Filter>SourceCode\Headers\Core\Inventory</Filter>
    </ClInclude>
    <ClInclude Include="TimeManager.h">
      <Filter>SourceCode\Headers\Core\Time</Filter>
    </ClInclude>
    <ClInclude Include="Brain.h">
      <Filter>SourceCode\Headers\AI</Filter>
    </ClInclude>
  </ItemGroup>
  <ItemGroup>
    <None Include="Config\input_bindings.ini">
      <Filter>Config</Filter>
    </None>
    <None Include="Config\tuning.lua">
      <Filter>Config</Filter>
    </None>
    <None Include="Documentation\Attributions.txt">
      <Filter>Docs</Filter>
    </None>
    <None Include="Documentation\GameInfo.txt">
      <Filter>Docs</Filter>
    </None>
    <None Include="platforms\win\angel.ico">
      <Filter>Icons</Filter>
    </None>
    <None Include="platforms\win\angel_small.ico">
      <Filter>Icons</Filter>
    </None>
    <None Include="build.lua" />
    <None Include="Resources\Scripts\client_start.lua" />
    <None Include="script_interface.i" />
    <None Include="user_prefs.lua">
      <Filter>Config</Filter>
    </None>
    <None Include="Config\defaults.lua">
      <Filter>Config</Filter>
    </None>
    <None Include="Resources\Files\resource_base_price.config">
      <Filter>Config\Files</Filter>
    </None>
  </ItemGroup>
  <ItemGroup>
    <Text Include="Resources\Files\city_names.txt">
      <Filter>Config\Files</Filter>
    </Text>
    <Text Include="Resources\Files\credits.txt">
      <Filter>Config\Files</Filter>
    </Text>
    <Text Include="Resources\Files\dungeon_names.txt">
      <Filter>Config\Files</Filter>
    </Text>
    <Text Include="Resources\Files\npc_names.txt">
      <Filter>Config\Files</Filter>
    </Text>
    <Text Include="Resources\Files\npc_surnames.txt">
      <Filter>Config\Files</Filter>
    </Text>
  </ItemGroup>
</Project>